
Microsoft Visual Studio Solution File, Format Version 12.00
# Visual Studio Version 17
VisualStudioVersion = 17.9.34607.119
MinimumVisualStudioVersion = 10.0.40219.1
Project("{FAE04EC0-301F-11D3-BF4B-00C04F79EFBC}") = "ConsoleApp2", "ConsoleApp2\ConsoleApp2.csproj", "{300A7D67-5928-4DE9-B6D6-37BD42D4F5D5}"
EndProject
Global
	GlobalSection(SolutionConfigurationPlatforms) = preSolution
		Debug|Any CPU = Debug|Any CPU
		Release|Any CPU = Release|Any CPU
	EndGlobalSection
	GlobalSection(ProjectConfigurationPlatforms) = postSolution
		{300A7D67-5928-4DE9-B6D6-37BD42D4F5D5}.Debug|Any CPU.ActiveCfg = Debug|Any CPU
		{300A7D67-5928-4DE9-B6D6-37BD42D4F5D5}.Debug|Any CPU.Build.0 = Debug|Any CPU
		{300A7D67-5928-4DE9-B6D6-37BD42D4F5D5}.Release|Any CPU.ActiveCfg = Release|Any CPU
		{300A7D67-5928-4DE9-B6D6-37BD42D4F5D5}.Release|Any CPU.Build.0 = Release|Any CPU
	EndGlobalSection
	GlobalSection(SolutionProperties) = preSolution
		HideSolutionNode = FALSE
	EndGlobalSection
	GlobalSection(ExtensibilityGlobals) = postSolution
		SolutionGuid = {E43E9E05-2930-4195-87B0-EC5CADB8917C}
	EndGlobalSection
EndGlobal
